
Microsoft Visual Studio Solution File, Format Version 12.00
# Visual Studio Version 16
VisualStudioVersion = 16.0.31507.150
MinimumVisualStudioVersion = 10.0.40219.1
Project("{FAE04EC0-301F-11D3-BF4B-00C04F79EFBC}") = "CoDUO FoV Changer", "CoDUO FoV Changer\CoDUO FoV Changer.csproj", "{51461A44-95CE-4BC6-A4ED-89351476EEA0}"
EndProject
Global
	GlobalSection(SolutionConfigurationPlatforms) = preSolution
		Debug|Any CPU = Debug|Any CPU
		Release|Any CPU = Release|Any CPU
	EndGlobalSection
	GlobalSection(ProjectConfigurationPlatforms) = postSolution
		{51461A44-95CE-4BC6-A4ED-89351476EEA0}.Debug|Any CPU.ActiveCfg = Debug|Any CPU
		{51461A44-95CE-4BC6-A4ED-89351476EEA0}.Debug|Any CPU.Build.0 = Debug|Any CPU
		{51461A44-95CE-4BC6-A4ED-89351476EEA0}.Release|Any CPU.ActiveCfg = Release|Any CPU
		{51461A44-95CE-4BC6-A4ED-89351476EEA0}.Release|Any CPU.Build.0 = Release|Any CPU
	EndGlobalSection
	GlobalSection(SolutionProperties) = preSolution
		HideSolutionNode = FALSE
	EndGlobalSection
	GlobalSection(ExtensibilityGlobals) = postSolution
		SolutionGuid = {88A24807-FBDA-4FCA-9556-94E9373D7A49}
	EndGlobalSection
EndGlobal
